
Microsoft Visual Studio Solution File, Format Version 12.00
# Visual Studio Version 17
VisualStudioVersion = 17.14.36705.20
MinimumVisualStudioVersion = 10.0.40219.1
Project("{FAE04EC0-301F-11D3-BF4B-00C04F79EFBC}") = "OrderManagementSystem.API", "OrderManagementSystem.API\OrderManagementSystem.API.csproj", "{0396D54D-C669-491A-BBB0-A296AF05EADC}"
EndProject
Project("{FAE04EC0-301F-11D3-BF4B-00C04F79EFBC}") = "OrderManagementSystem.BLL", "OrderManagementSystem.BLL\OrderManagementSystem.BLL.csproj", "{5E63E880-5371-4493-90D8-CE91FEF7857A}"
EndProject
Project("{FAE04EC0-301F-11D3-BF4B-00C04F79EFBC}") = "OrderManagementSystem.DAL", "OrderManagementSystem.DAL\OrderManagementSystem.DAL.csproj", "{3DB15C36-8209-40C1-8D50-4BC356E7E71E}"
EndProject
Global
	GlobalSection(SolutionConfigurationPlatforms) = preSolution
		Debug|Any CPU = Debug|Any CPU
		Release|Any CPU = Release|Any CPU
	EndGlobalSection
	GlobalSection(ProjectConfigurationPlatforms) = postSolution
		{0396D54D-C669-491A-BBB0-A296AF05EADC}.Debug|Any CPU.ActiveCfg = Debug|Any CPU
		{0396D54D-C669-491A-BBB0-A296AF05EADC}.Debug|Any CPU.Build.0 = Debug|Any CPU
		{0396D54D-C669-491A-BBB0-A296AF05EADC}.Release|Any CPU.ActiveCfg = Release|Any CPU
		{0396D54D-C669-491A-BBB0-A296AF05EADC}.Release|Any CPU.Build.0 = Release|Any CPU
		{5E63E880-5371-4493-90D8-CE91FEF7857A}.Debug|Any CPU.ActiveCfg = Debug|Any CPU
		{5E63E880-5371-4493-90D8-CE91FEF7857A}.Debug|Any CPU.Build.0 = Debug|Any CPU
		{5E63E880-5371-4493-90D8-CE91FEF7857A}.Release|Any CPU.ActiveCfg = Release|Any CPU
		{5E63E880-5371-4493-90D8-CE91FEF7857A}.Release|Any CPU.Build.0 = Release|Any CPU
		{3DB15C36-8209-40C1-8D50-4BC356E7E71E}.Debug|Any CPU.ActiveCfg = Debug|Any CPU
		{3DB15C36-8209-40C1-8D50-4BC356E7E71E}.Debug|Any CPU.Build.0 = Debug|Any CPU
		{3DB15C36-8209-40C1-8D50-4BC356E7E71E}.Release|Any CPU.ActiveCfg = Release|Any CPU
		{3DB15C36-8209-40C1-8D50-4BC356E7E71E}.Release|Any CPU.Build.0 = Release|Any CPU
	EndGlobalSection
	GlobalSection(SolutionProperties) = preSolution
		HideSolutionNode = FALSE
	EndGlobalSection
	GlobalSection(ExtensibilityGlobals) = postSolution
		SolutionGuid = {C112F8C1-9C79-43F1-9F67-D06A8E39C791}
	EndGlobalSection
EndGlobal
